
Microsoft Visual Studio Solution File, Format Version 9.00
# Visual Studio 2005
Project("{8BC9CEB8-8B4A-11D0-8D11-00A0C91BC942}") = "libmpr", "libmpr.vcproj", "{CB0A8E03-C111-49EA-AB49-5C45489418AD}"
	ProjectSection(ProjectDependencies) = postProject
		{28760739-5566-42A2-AF7A-97AE51A63BC8} = {28760739-5566-42A2-AF7A-97AE51A63BC8}
	EndProjectSection
EndProject
Project("{8BC9CEB8-8B4A-11D0-8D11-00A0C91BC942}") = "libpcre", "libpcre.vcproj", "{8306C8ED-8DA7-4E2E-81F5-00D0C0D25059}"
	ProjectSection(ProjectDependencies) = postProject
		{2711CA8A-73B4-475B-A98A-22E5ECB91ACF} = {2711CA8A-73B4-475B-A98A-22E5ECB91ACF}
		{28760739-5566-42A2-AF7A-97AE51A63BC8} = {28760739-5566-42A2-AF7A-97AE51A63BC8}
		{CB0A8E03-C111-49EA-AB49-5C45489418AD} = {CB0A8E03-C111-49EA-AB49-5C45489418AD}
	EndProjectSection
EndProject
Project("{8BC9CEB8-8B4A-11D0-8D11-00A0C91BC942}") = "libsqlite3", "libsqlite3.vcproj", "{FA9B4387-F0B9-4208-8C75-32D77CBE9209}"
	ProjectSection(ProjectDependencies) = postProject
		{28760739-5566-42A2-AF7A-97AE51A63BC8} = {28760739-5566-42A2-AF7A-97AE51A63BC8}
	EndProjectSection
EndProject
Project("{8BC9CEB8-8B4A-11D0-8D11-00A0C91BC942}") = "libajs", "libajs.vcproj", "{70EB8172-0C26-4A40-893A-8AEA89FCDBFF}"
	ProjectSection(ProjectDependencies) = postProject
		{CB0A8E03-C111-49EA-AB49-5C45489418AD} = {CB0A8E03-C111-49EA-AB49-5C45489418AD}
		{8306C8ED-8DA7-4E2E-81F5-00D0C0D25059} = {8306C8ED-8DA7-4E2E-81F5-00D0C0D25059}
		{2711CA8A-73B4-475B-A98A-22E5ECB91ACF} = {2711CA8A-73B4-475B-A98A-22E5ECB91ACF}
		{FA9B4387-F0B9-4208-8C75-32D77CBE9209} = {FA9B4387-F0B9-4208-8C75-32D77CBE9209}
	EndProjectSection
EndProject
Project("{8BC9CEB8-8B4A-11D0-8D11-00A0C91BC942}") = "libac", "libac.vcproj", "{1087A067-0BCB-4A0C-AF4D-92D355977C41}"
	ProjectSection(ProjectDependencies) = postProject
		{CB0A8E03-C111-49EA-AB49-5C45489418AD} = {CB0A8E03-C111-49EA-AB49-5C45489418AD}
		{70EB8172-0C26-4A40-893A-8AEA89FCDBFF} = {70EB8172-0C26-4A40-893A-8AEA89FCDBFF}
		{2711CA8A-73B4-475B-A98A-22E5ECB91ACF} = {2711CA8A-73B4-475B-A98A-22E5ECB91ACF}
	EndProjectSection
EndProject
Project("{8BC9CEB8-8B4A-11D0-8D11-00A0C91BC942}") = "appweb", "appweb.vcproj", "{99831A0A-8362-4168-982E-3D8937952094}"
	ProjectSection(ProjectDependencies) = postProject
		{CB0A8E03-C111-49EA-AB49-5C45489418AD} = {CB0A8E03-C111-49EA-AB49-5C45489418AD}
		{B86A7E2D-4C94-4F62-BDB1-02F2F3DE5B0A} = {B86A7E2D-4C94-4F62-BDB1-02F2F3DE5B0A}
		{9C47922D-8608-4D82-9D68-E4F3C31A7822} = {9C47922D-8608-4D82-9D68-E4F3C31A7822}
		{AD6A7E4C-8B1A-438F-AD5B-A5AAB7B3B821} = {AD6A7E4C-8B1A-438F-AD5B-A5AAB7B3B821}
		{5456384E-8AD6-4673-B6B9-1EFB993ED19E} = {5456384E-8AD6-4673-B6B9-1EFB993ED19E}
		{48206567-20B8-46AE-A3C2-E1E90A2EB7EA} = {48206567-20B8-46AE-A3C2-E1E90A2EB7EA}
		{1087A067-0BCB-4A0C-AF4D-92D355977C41} = {1087A067-0BCB-4A0C-AF4D-92D355977C41}
		{70EB8172-0C26-4A40-893A-8AEA89FCDBFF} = {70EB8172-0C26-4A40-893A-8AEA89FCDBFF}
		{3FFDF678-EB28-4246-8872-C8517F5DD7B7} = {3FFDF678-EB28-4246-8872-C8517F5DD7B7}
		{A7BAF47D-F9E7-4248-81EB-AD91D2ECA4BD} = {A7BAF47D-F9E7-4248-81EB-AD91D2ECA4BD}
		{D2C7DD88-42F9-4924-9A2C-2F5ED5AA9CE8} = {D2C7DD88-42F9-4924-9A2C-2F5ED5AA9CE8}
		{E5CCF4CD-4813-42AB-BF28-75922A558845} = {E5CCF4CD-4813-42AB-BF28-75922A558845}
		{0CAC1FDD-2A0B-43FA-9B33-2FA2F9BF4AB2} = {0CAC1FDD-2A0B-43FA-9B33-2FA2F9BF4AB2}
		{E36DD9E4-0174-4B0E-A032-E31ED6C50A5F} = {E36DD9E4-0174-4B0E-A032-E31ED6C50A5F}
		{DECD12FF-62F2-4520-B539-51DF70A52D64} = {DECD12FF-62F2-4520-B539-51DF70A52D64}
	EndProjectSection
EndProject
Project("{8BC9CEB8-8B4A-11D0-8D11-00A0C91BC942}") = "angel", "angel.vcproj", "{2466972D-1A20-4094-B28C-4651467BD2BB}"
	ProjectSection(ProjectDependencies) = postProject
		{CB0A8E03-C111-49EA-AB49-5C45489418AD} = {CB0A8E03-C111-49EA-AB49-5C45489418AD}
	EndProjectSection
EndProject
Project("{8BC9CEB8-8B4A-11D0-8D11-00A0C91BC942}") = "appwebMonitor", "appwebMonitor.vcproj", "{6B85E5F4-6825-4918-AF29-FBFB34DCAE05}"
	ProjectSection(ProjectDependencies) = postProject
		{CB0A8E03-C111-49EA-AB49-5C45489418AD} = {CB0A8E03-C111-49EA-AB49-5C45489418AD}
		{70EB8172-0C26-4A40-893A-8AEA89FCDBFF} = {70EB8172-0C26-4A40-893A-8AEA89FCDBFF}
	EndProjectSection
EndProject
Project("{8BC9CEB8-8B4A-11D0-8D11-00A0C91BC942}") = "ajs", "ajs.vcproj", "{4357791F-5FB3-4EAA-A077-5DDA181C817C}"
	ProjectSection(ProjectDependencies) = postProject
		{CB0A8E03-C111-49EA-AB49-5C45489418AD} = {CB0A8E03-C111-49EA-AB49-5C45489418AD}
		{70EB8172-0C26-4A40-893A-8AEA89FCDBFF} = {70EB8172-0C26-4A40-893A-8AEA89FCDBFF}
		{8306C8ED-8DA7-4E2E-81F5-00D0C0D25059} = {8306C8ED-8DA7-4E2E-81F5-00D0C0D25059}
	EndProjectSection
EndProject
Project("{8BC9CEB8-8B4A-11D0-8D11-00A0C91BC942}") = "ajsc", "ajsc.vcproj", "{D575585F-4820-49A4-8357-65F963575D66}"
	ProjectSection(ProjectDependencies) = postProject
		{B915330B-F1F9-49F6-BCFB-0DFF528F61DE} = {B915330B-F1F9-49F6-BCFB-0DFF528F61DE}
		{CB0A8E03-C111-49EA-AB49-5C45489418AD} = {CB0A8E03-C111-49EA-AB49-5C45489418AD}
		{1087A067-0BCB-4A0C-AF4D-92D355977C41} = {1087A067-0BCB-4A0C-AF4D-92D355977C41}
		{70EB8172-0C26-4A40-893A-8AEA89FCDBFF} = {70EB8172-0C26-4A40-893A-8AEA89FCDBFF}
		{2711CA8A-73B4-475B-A98A-22E5ECB91ACF} = {2711CA8A-73B4-475B-A98A-22E5ECB91ACF}
		{8306C8ED-8DA7-4E2E-81F5-00D0C0D25059} = {8306C8ED-8DA7-4E2E-81F5-00D0C0D25059}
	EndProjectSection
EndProject
Project("{8BC9CEB8-8B4A-11D0-8D11-00A0C91BC942}") = "ajssql", "ajssql.vcproj", "{FC009E85-9F44-4E10-AA9F-43DEF4EEB54D}"
	ProjectSection(ProjectDependencies) = postProject
		{70EB8172-0C26-4A40-893A-8AEA89FCDBFF} = {70EB8172-0C26-4A40-893A-8AEA89FCDBFF}
		{FA9B4387-F0B9-4208-8C75-32D77CBE9209} = {FA9B4387-F0B9-4208-8C75-32D77CBE9209}
	EndProjectSection
EndProject
Project("{8BC9CEB8-8B4A-11D0-8D11-00A0C91BC942}") = "http", "http.vcproj", "{CF9F3A3F-AC9A-4ECD-BC90-A85E31FED6B9}"
	ProjectSection(ProjectDependencies) = postProject
		{CB0A8E03-C111-49EA-AB49-5C45489418AD} = {CB0A8E03-C111-49EA-AB49-5C45489418AD}
		{2711CA8A-73B4-475B-A98A-22E5ECB91ACF} = {2711CA8A-73B4-475B-A98A-22E5ECB91ACF}
	EndProjectSection
EndProject
Project("{8BC9CEB8-8B4A-11D0-8D11-00A0C91BC942}") = "httpPassword", "httpPassword.vcproj", "{5BA2BA89-8C4F-4822-86CA-34D3D8B7222D}"
EndProject
Project("{8BC9CEB8-8B4A-11D0-8D11-00A0C91BC942}") = "libappweb", "libappweb.vcproj", "{D2C7DD88-42F9-4924-9A2C-2F5ED5AA9CE8}"
	ProjectSection(ProjectDependencies) = postProject
		{CB0A8E03-C111-49EA-AB49-5C45489418AD} = {CB0A8E03-C111-49EA-AB49-5C45489418AD}
		{1087A067-0BCB-4A0C-AF4D-92D355977C41} = {1087A067-0BCB-4A0C-AF4D-92D355977C41}
		{70EB8172-0C26-4A40-893A-8AEA89FCDBFF} = {70EB8172-0C26-4A40-893A-8AEA89FCDBFF}
		{FA9B4387-F0B9-4208-8C75-32D77CBE9209} = {FA9B4387-F0B9-4208-8C75-32D77CBE9209}
		{2711CA8A-73B4-475B-A98A-22E5ECB91ACF} = {2711CA8A-73B4-475B-A98A-22E5ECB91ACF}
		{8306C8ED-8DA7-4E2E-81F5-00D0C0D25059} = {8306C8ED-8DA7-4E2E-81F5-00D0C0D25059}
	EndProjectSection
EndProject
Project("{8BC9CEB8-8B4A-11D0-8D11-00A0C91BC942}") = "mod_ejs", "mod_ejs.vcproj", "{48206567-20B8-46AE-A3C2-E1E90A2EB7EA}"
	ProjectSection(ProjectDependencies) = postProject
		{CB0A8E03-C111-49EA-AB49-5C45489418AD} = {CB0A8E03-C111-49EA-AB49-5C45489418AD}
		{1087A067-0BCB-4A0C-AF4D-92D355977C41} = {1087A067-0BCB-4A0C-AF4D-92D355977C41}
		{70EB8172-0C26-4A40-893A-8AEA89FCDBFF} = {70EB8172-0C26-4A40-893A-8AEA89FCDBFF}
		{FA9B4387-F0B9-4208-8C75-32D77CBE9209} = {FA9B4387-F0B9-4208-8C75-32D77CBE9209}
		{D2C7DD88-42F9-4924-9A2C-2F5ED5AA9CE8} = {D2C7DD88-42F9-4924-9A2C-2F5ED5AA9CE8}
		{2711CA8A-73B4-475B-A98A-22E5ECB91ACF} = {2711CA8A-73B4-475B-A98A-22E5ECB91ACF}
		{8306C8ED-8DA7-4E2E-81F5-00D0C0D25059} = {8306C8ED-8DA7-4E2E-81F5-00D0C0D25059}
	EndProjectSection
EndProject
Project("{8BC9CEB8-8B4A-11D0-8D11-00A0C91BC942}") = "libmprssl", "libmprSsl.vcproj", "{2711CA8A-73B4-475B-A98A-22E5ECB91ACF}"
	ProjectSection(ProjectDependencies) = postProject
		{CB0A8E03-C111-49EA-AB49-5C45489418AD} = {CB0A8E03-C111-49EA-AB49-5C45489418AD}
		{28760739-5566-42A2-AF7A-97AE51A63BC8} = {28760739-5566-42A2-AF7A-97AE51A63BC8}
	EndProjectSection
EndProject
Project("{8BC9CEB8-8B4A-11D0-8D11-00A0C91BC942}") = "mod_auth", "mod_auth.vcproj", "{A7BAF47D-F9E7-4248-81EB-AD91D2ECA4BD}"
	ProjectSection(ProjectDependencies) = postProject
		{70EB8172-0C26-4A40-893A-8AEA89FCDBFF} = {70EB8172-0C26-4A40-893A-8AEA89FCDBFF}
	EndProjectSection
EndProject
Project("{8BC9CEB8-8B4A-11D0-8D11-00A0C91BC942}") = "mod_cgi", "mod_cgi.vcproj", "{0CAC1FDD-2A0B-43FA-9B33-2FA2F9BF4AB2}"
	ProjectSection(ProjectDependencies) = postProject
		{CB0A8E03-C111-49EA-AB49-5C45489418AD} = {CB0A8E03-C111-49EA-AB49-5C45489418AD}
		{70EB8172-0C26-4A40-893A-8AEA89FCDBFF} = {70EB8172-0C26-4A40-893A-8AEA89FCDBFF}
	EndProjectSection
EndProject
Project("{8BC9CEB8-8B4A-11D0-8D11-00A0C91BC942}") = "mod_chunk", "mod_chunk.vcproj", "{5456384E-8AD6-4673-B6B9-1EFB993ED19E}"
	ProjectSection(ProjectDependencies) = postProject
		{D2C7DD88-42F9-4924-9A2C-2F5ED5AA9CE8} = {D2C7DD88-42F9-4924-9A2C-2F5ED5AA9CE8}
	EndProjectSection
EndProject
Project("{8BC9CEB8-8B4A-11D0-8D11-00A0C91BC942}") = "mod_dir", "mod_dir.vcproj", "{9C47922D-8608-4D82-9D68-E4F3C31A7822}"
	ProjectSection(ProjectDependencies) = postProject
		{D2C7DD88-42F9-4924-9A2C-2F5ED5AA9CE8} = {D2C7DD88-42F9-4924-9A2C-2F5ED5AA9CE8}
	EndProjectSection
EndProject
Project("{8BC9CEB8-8B4A-11D0-8D11-00A0C91BC942}") = "mod_file", "mod_file.vcproj", "{E36DD9E4-0174-4B0E-A032-E31ED6C50A5F}"
	ProjectSection(ProjectDependencies) = postProject
		{D2C7DD88-42F9-4924-9A2C-2F5ED5AA9CE8} = {D2C7DD88-42F9-4924-9A2C-2F5ED5AA9CE8}
	EndProjectSection
EndProject
Project("{8BC9CEB8-8B4A-11D0-8D11-00A0C91BC942}") = "mod_php", "mod_php.vcproj", "{3FFDF678-EB28-4246-8872-C8517F5DD7B7}"
	ProjectSection(ProjectDependencies) = postProject
		{D2C7DD88-42F9-4924-9A2C-2F5ED5AA9CE8} = {D2C7DD88-42F9-4924-9A2C-2F5ED5AA9CE8}
	EndProjectSection
EndProject
Project("{8BC9CEB8-8B4A-11D0-8D11-00A0C91BC942}") = "mod_range", "mod_range.vcproj", "{DECD12FF-62F2-4520-B539-51DF70A52D64}"
EndProject
Project("{8BC9CEB8-8B4A-11D0-8D11-00A0C91BC942}") = "mod_ssl", "mod_ssl.vcproj", "{AD6A7E4C-8B1A-438F-AD5B-A5AAB7B3B821}"
	ProjectSection(ProjectDependencies) = postProject
		{D2C7DD88-42F9-4924-9A2C-2F5ED5AA9CE8} = {D2C7DD88-42F9-4924-9A2C-2F5ED5AA9CE8}
	EndProjectSection
EndProject
Project("{8BC9CEB8-8B4A-11D0-8D11-00A0C91BC942}") = "mod_upload", "mod_upload.vcproj", "{B86A7E2D-4C94-4F62-BDB1-02F2F3DE5B0A}"
	ProjectSection(ProjectDependencies) = postProject
		{D2C7DD88-42F9-4924-9A2C-2F5ED5AA9CE8} = {D2C7DD88-42F9-4924-9A2C-2F5ED5AA9CE8}
	EndProjectSection
EndProject
Project("{8BC9CEB8-8B4A-11D0-8D11-00A0C91BC942}") = "mod_egi", "mod_egi.vcproj", "{E5CCF4CD-4813-42AB-BF28-75922A558845}"
	ProjectSection(ProjectDependencies) = postProject
		{D2C7DD88-42F9-4924-9A2C-2F5ED5AA9CE8} = {D2C7DD88-42F9-4924-9A2C-2F5ED5AA9CE8}
	EndProjectSection
EndProject
Project("{8BC9CEB8-8B4A-11D0-8D11-00A0C91BC942}") = "ajsmod", "ajsmod.vcproj", "{B915330B-F1F9-49F6-BCFB-0DFF528F61DE}"
	ProjectSection(ProjectDependencies) = postProject
		{70EB8172-0C26-4A40-893A-8AEA89FCDBFF} = {70EB8172-0C26-4A40-893A-8AEA89FCDBFF}
		{CB0A8E03-C111-49EA-AB49-5C45489418AD} = {CB0A8E03-C111-49EA-AB49-5C45489418AD}
	EndProjectSection
EndProject
Project("{8BC9CEB8-8B4A-11D0-8D11-00A0C91BC942}") = "setup", "setup.vcproj", "{28760739-5566-42A2-AF7A-97AE51A63BC8}"
EndProject
Global
	GlobalSection(SolutionConfigurationPlatforms) = preSolution
		Debug|Win32 = Debug|Win32
		Release|Win32 = Release|Win32
	EndGlobalSection
	GlobalSection(ProjectConfigurationPlatforms) = postSolution
		{CB0A8E03-C111-49EA-AB49-5C45489418AD}.Debug|Win32.ActiveCfg = Debug|Win32
		{CB0A8E03-C111-49EA-AB49-5C45489418AD}.Debug|Win32.Build.0 = Debug|Win32
		{CB0A8E03-C111-49EA-AB49-5C45489418AD}.Release|Win32.ActiveCfg = Release|Win32
		{CB0A8E03-C111-49EA-AB49-5C45489418AD}.Release|Win32.Build.0 = Release|Win32
		{8306C8ED-8DA7-4E2E-81F5-00D0C0D25059}.Debug|Win32.ActiveCfg = Debug|Win32
		{8306C8ED-8DA7-4E2E-81F5-00D0C0D25059}.Debug|Win32.Build.0 = Debug|Win32
		{8306C8ED-8DA7-4E2E-81F5-00D0C0D25059}.Release|Win32.ActiveCfg = Release|Win32
		{8306C8ED-8DA7-4E2E-81F5-00D0C0D25059}.Release|Win32.Build.0 = Release|Win32
		{FA9B4387-F0B9-4208-8C75-32D77CBE9209}.Debug|Win32.ActiveCfg = Debug|Win32
		{FA9B4387-F0B9-4208-8C75-32D77CBE9209}.Debug|Win32.Build.0 = Debug|Win32
		{FA9B4387-F0B9-4208-8C75-32D77CBE9209}.Release|Win32.ActiveCfg = Release|Win32
		{FA9B4387-F0B9-4208-8C75-32D77CBE9209}.Release|Win32.Build.0 = Release|Win32
		{70EB8172-0C26-4A40-893A-8AEA89FCDBFF}.Debug|Win32.ActiveCfg = Debug|Win32
		{70EB8172-0C26-4A40-893A-8AEA89FCDBFF}.Debug|Win32.Build.0 = Debug|Win32
		{70EB8172-0C26-4A40-893A-8AEA89FCDBFF}.Release|Win32.ActiveCfg = Release|Win32
		{70EB8172-0C26-4A40-893A-8AEA89FCDBFF}.Release|Win32.Build.0 = Release|Win32
		{1087A067-0BCB-4A0C-AF4D-92D355977C41}.Debug|Win32.ActiveCfg = Debug|Win32
		{1087A067-0BCB-4A0C-AF4D-92D355977C41}.Debug|Win32.Build.0 = Debug|Win32
		{1087A067-0BCB-4A0C-AF4D-92D355977C41}.Release|Win32.ActiveCfg = Release|Win32
		{1087A067-0BCB-4A0C-AF4D-92D355977C41}.Release|Win32.Build.0 = Release|Win32
		{99831A0A-8362-4168-982E-3D8937952094}.Debug|Win32.ActiveCfg = Debug|Win32
		{99831A0A-8362-4168-982E-3D8937952094}.Debug|Win32.Build.0 = Debug|Win32
		{99831A0A-8362-4168-982E-3D8937952094}.Release|Win32.ActiveCfg = Release|Win32
		{99831A0A-8362-4168-982E-3D8937952094}.Release|Win32.Build.0 = Release|Win32
		{2466972D-1A20-4094-B28C-4651467BD2BB}.Debug|Win32.ActiveCfg = Debug|Win32
		{2466972D-1A20-4094-B28C-4651467BD2BB}.Debug|Win32.Build.0 = Debug|Win32
		{2466972D-1A20-4094-B28C-4651467BD2BB}.Release|Win32.ActiveCfg = Release|Win32
		{2466972D-1A20-4094-B28C-4651467BD2BB}.Release|Win32.Build.0 = Release|Win32
		{6B85E5F4-6825-4918-AF29-FBFB34DCAE05}.Debug|Win32.ActiveCfg = Debug|Win32
		{6B85E5F4-6825-4918-AF29-FBFB34DCAE05}.Debug|Win32.Build.0 = Debug|Win32
		{6B85E5F4-6825-4918-AF29-FBFB34DCAE05}.Release|Win32.ActiveCfg = Release|Win32
		{6B85E5F4-6825-4918-AF29-FBFB34DCAE05}.Release|Win32.Build.0 = Release|Win32
		{4357791F-5FB3-4EAA-A077-5DDA181C817C}.Debug|Win32.ActiveCfg = Debug|Win32
		{4357791F-5FB3-4EAA-A077-5DDA181C817C}.Debug|Win32.Build.0 = Debug|Win32
		{4357791F-5FB3-4EAA-A077-5DDA181C817C}.Release|Win32.ActiveCfg = Release|Win32
		{4357791F-5FB3-4EAA-A077-5DDA181C817C}.Release|Win32.Build.0 = Release|Win32
		{D575585F-4820-49A4-8357-65F963575D66}.Debug|Win32.ActiveCfg = Debug|Win32
		{D575585F-4820-49A4-8357-65F963575D66}.Debug|Win32.Build.0 = Debug|Win32
		{D575585F-4820-49A4-8357-65F963575D66}.Release|Win32.ActiveCfg = Release|Win32
		{D575585F-4820-49A4-8357-65F963575D66}.Release|Win32.Build.0 = Release|Win32
		{FC009E85-9F44-4E10-AA9F-43DEF4EEB54D}.Debug|Win32.ActiveCfg = Debug|Win32
		{FC009E85-9F44-4E10-AA9F-43DEF4EEB54D}.Debug|Win32.Build.0 = Debug|Win32
		{FC009E85-9F44-4E10-AA9F-43DEF4EEB54D}.Release|Win32.ActiveCfg = Release|Win32
		{FC009E85-9F44-4E10-AA9F-43DEF4EEB54D}.Release|Win32.Build.0 = Release|Win32
		{CF9F3A3F-AC9A-4ECD-BC90-A85E31FED6B9}.Debug|Win32.ActiveCfg = Debug|Win32
		{CF9F3A3F-AC9A-4ECD-BC90-A85E31FED6B9}.Debug|Win32.Build.0 = Debug|Win32
		{CF9F3A3F-AC9A-4ECD-BC90-A85E31FED6B9}.Release|Win32.ActiveCfg = Release|Win32
		{CF9F3A3F-AC9A-4ECD-BC90-A85E31FED6B9}.Release|Win32.Build.0 = Release|Win32
		{5BA2BA89-8C4F-4822-86CA-34D3D8B7222D}.Debug|Win32.ActiveCfg = Debug|Win32
		{5BA2BA89-8C4F-4822-86CA-34D3D8B7222D}.Debug|Win32.Build.0 = Debug|Win32
		{5BA2BA89-8C4F-4822-86CA-34D3D8B7222D}.Release|Win32.ActiveCfg = Release|Win32
		{5BA2BA89-8C4F-4822-86CA-34D3D8B7222D}.Release|Win32.Build.0 = Release|Win32
		{D2C7DD88-42F9-4924-9A2C-2F5ED5AA9CE8}.Debug|Win32.ActiveCfg = Debug|Win32
		{D2C7DD88-42F9-4924-9A2C-2F5ED5AA9CE8}.Debug|Win32.Build.0 = Debug|Win32
		{D2C7DD88-42F9-4924-9A2C-2F5ED5AA9CE8}.Release|Win32.ActiveCfg = Release|Win32
		{D2C7DD88-42F9-4924-9A2C-2F5ED5AA9CE8}.Release|Win32.Build.0 = Release|Win32
		{48206567-20B8-46AE-A3C2-E1E90A2EB7EA}.Debug|Win32.ActiveCfg = Debug|Win32
		{48206567-20B8-46AE-A3C2-E1E90A2EB7EA}.Debug|Win32.Build.0 = Debug|Win32
		{48206567-20B8-46AE-A3C2-E1E90A2EB7EA}.Release|Win32.ActiveCfg = Release|Win32
		{48206567-20B8-46AE-A3C2-E1E90A2EB7EA}.Release|Win32.Build.0 = Release|Win32
		{2711CA8A-73B4-475B-A98A-22E5ECB91ACF}.Debug|Win32.ActiveCfg = Debug|Win32
		{2711CA8A-73B4-475B-A98A-22E5ECB91ACF}.Debug|Win32.Build.0 = Debug|Win32
		{2711CA8A-73B4-475B-A98A-22E5ECB91ACF}.Release|Win32.ActiveCfg = Release|Win32
		{2711CA8A-73B4-475B-A98A-22E5ECB91ACF}.Release|Win32.Build.0 = Release|Win32
		{A7BAF47D-F9E7-4248-81EB-AD91D2ECA4BD}.Debug|Win32.ActiveCfg = Debug|Win32
		{A7BAF47D-F9E7-4248-81EB-AD91D2ECA4BD}.Debug|Win32.Build.0 = Debug|Win32
		{A7BAF47D-F9E7-4248-81EB-AD91D2ECA4BD}.Release|Win32.ActiveCfg = Release|Win32
		{A7BAF47D-F9E7-4248-81EB-AD91D2ECA4BD}.Release|Win32.Build.0 = Release|Win32
		{0CAC1FDD-2A0B-43FA-9B33-2FA2F9BF4AB2}.Debug|Win32.ActiveCfg = Debug|Win32
		{0CAC1FDD-2A0B-43FA-9B33-2FA2F9BF4AB2}.Debug|Win32.Build.0 = Debug|Win32
		{0CAC1FDD-2A0B-43FA-9B33-2FA2F9BF4AB2}.Release|Win32.ActiveCfg = Release|Win32
		{0CAC1FDD-2A0B-43FA-9B33-2FA2F9BF4AB2}.Release|Win32.Build.0 = Release|Win32
		{5456384E-8AD6-4673-B6B9-1EFB993ED19E}.Debug|Win32.ActiveCfg = Debug|Win32
		{5456384E-8AD6-4673-B6B9-1EFB993ED19E}.Debug|Win32.Build.0 = Debug|Win32
		{5456384E-8AD6-4673-B6B9-1EFB993ED19E}.Release|Win32.ActiveCfg = Release|Win32
		{5456384E-8AD6-4673-B6B9-1EFB993ED19E}.Release|Win32.Build.0 = Release|Win32
		{9C47922D-8608-4D82-9D68-E4F3C31A7822}.Debug|Win32.ActiveCfg = Debug|Win32
		{9C47922D-8608-4D82-9D68-E4F3C31A7822}.Debug|Win32.Build.0 = Debug|Win32
		{9C47922D-8608-4D82-9D68-E4F3C31A7822}.Release|Win32.ActiveCfg = Release|Win32
		{9C47922D-8608-4D82-9D68-E4F3C31A7822}.Release|Win32.Build.0 = Release|Win32
		{E36DD9E4-0174-4B0E-A032-E31ED6C50A5F}.Debug|Win32.ActiveCfg = Debug|Win32
		{E36DD9E4-0174-4B0E-A032-E31ED6C50A5F}.Debug|Win32.Build.0 = Debug|Win32
		{E36DD9E4-0174-4B0E-A032-E31ED6C50A5F}.Release|Win32.ActiveCfg = Release|Win32
		{E36DD9E4-0174-4B0E-A032-E31ED6C50A5F}.Release|Win32.Build.0 = Release|Win32
		{3FFDF678-EB28-4246-8872-C8517F5DD7B7}.Debug|Win32.ActiveCfg = Debug|Win32
		{3FFDF678-EB28-4246-8872-C8517F5DD7B7}.Debug|Win32.Build.0 = Debug|Win32
		{3FFDF678-EB28-4246-8872-C8517F5DD7B7}.Release|Win32.ActiveCfg = Release|Win32
		{3FFDF678-EB28-4246-8872-C8517F5DD7B7}.Release|Win32.Build.0 = Release|Win32
		{DECD12FF-62F2-4520-B539-51DF70A52D64}.Debug|Win32.ActiveCfg = Debug|Win32
		{DECD12FF-62F2-4520-B539-51DF70A52D64}.Debug|Win32.Build.0 = Debug|Win32
		{DECD12FF-62F2-4520-B539-51DF70A52D64}.Release|Win32.ActiveCfg = Release|Win32
		{DECD12FF-62F2-4520-B539-51DF70A52D64}.Release|Win32.Build.0 = Release|Win32
		{AD6A7E4C-8B1A-438F-AD5B-A5AAB7B3B821}.Debug|Win32.ActiveCfg = Debug|Win32
		{AD6A7E4C-8B1A-438F-AD5B-A5AAB7B3B821}.Debug|Win32.Build.0 = Debug|Win32
		{AD6A7E4C-8B1A-438F-AD5B-A5AAB7B3B821}.Release|Win32.ActiveCfg = Release|Win32
		{AD6A7E4C-8B1A-438F-AD5B-A5AAB7B3B821}.Release|Win32.Build.0 = Release|Win32
		{B86A7E2D-4C94-4F62-BDB1-02F2F3DE5B0A}.Debug|Win32.ActiveCfg = Debug|Win32
		{B86A7E2D-4C94-4F62-BDB1-02F2F3DE5B0A}.Debug|Win32.Build.0 = Debug|Win32
		{B86A7E2D-4C94-4F62-BDB1-02F2F3DE5B0A}.Release|Win32.ActiveCfg = Release|Win32
		{B86A7E2D-4C94-4F62-BDB1-02F2F3DE5B0A}.Release|Win32.Build.0 = Release|Win32
		{E5CCF4CD-4813-42AB-BF28-75922A558845}.Debug|Win32.ActiveCfg = Debug|Win32
		{E5CCF4CD-4813-42AB-BF28-75922A558845}.Debug|Win32.Build.0 = Debug|Win32
		{E5CCF4CD-4813-42AB-BF28-75922A558845}.Release|Win32.ActiveCfg = Release|Win32
		{E5CCF4CD-4813-42AB-BF28-75922A558845}.Release|Win32.Build.0 = Release|Win32
		{B915330B-F1F9-49F6-BCFB-0DFF528F61DE}.Debug|Win32.ActiveCfg = Debug|Win32
		{B915330B-F1F9-49F6-BCFB-0DFF528F61DE}.Debug|Win32.Build.0 = Debug|Win32
		{B915330B-F1F9-49F6-BCFB-0DFF528F61DE}.Release|Win32.ActiveCfg = Release|Win32
		{B915330B-F1F9-49F6-BCFB-0DFF528F61DE}.Release|Win32.Build.0 = Release|Win32
		{28760739-5566-42A2-AF7A-97AE51A63BC8}.Debug|Win32.ActiveCfg = Debug|Win32
		{28760739-5566-42A2-AF7A-97AE51A63BC8}.Debug|Win32.Build.0 = Debug|Win32
		{28760739-5566-42A2-AF7A-97AE51A63BC8}.Release|Win32.ActiveCfg = Release|Win32
		{28760739-5566-42A2-AF7A-97AE51A63BC8}.Release|Win32.Build.0 = Release|Win32
	EndGlobalSection
	GlobalSection(SolutionProperties) = preSolution
		HideSolutionNode = FALSE
	EndGlobalSection
EndGlobal
